// !$*UTF8*$!
{
	archiveVersion = 1;
	classes = {
	};
	objectVersion = 50;
	objects = {

/* Begin PBXBuildFile section */
		35ACB1FD217B1DAD00C77100 /* FakeHttpClient.swift in Sources */ = {isa = PBXBuildFile; fileRef = 35ACB1FC217B1DAD00C77100 /* FakeHttpClient.swift */; };
		35ACB1FF217B1E2100C77100 /* LottoHttpClientImplTests.swift in Sources */ = {isa = PBXBuildFile; fileRef = 35ACB1FE217B1E2100C77100 /* LottoHttpClientImplTests.swift */; };
		35ACB201217B2E2200C77100 /* games.json in Resources */ = {isa = PBXBuildFile; fileRef = 35ACB200217B2E2200C77100 /* games.json */; };
		35F781DE217B42A1008D2C2D /* LottoHttpClientImpl.swift in Sources */ = {isa = PBXBuildFile; fileRef = 9028BDC62170755600FE7053 /* LottoHttpClientImpl.swift */; };
		35F781E6217CCCD0008D2C2D /* LottoAPIIntegrationTests.swift in Sources */ = {isa = PBXBuildFile; fileRef = 35F781E5217CCCD0008D2C2D /* LottoAPIIntegrationTests.swift */; };
		35F781E8217CCCD0008D2C2D /* LottoAPI.framework in Frameworks */ = {isa = PBXBuildFile; fileRef = 906E646C216DD891005F3058 /* LottoAPI.framework */; };
		35FAFA2C2176464800CFEA93 /* HTTPClient.swift in Sources */ = {isa = PBXBuildFile; fileRef = 35FAFA2B2176464800CFEA93 /* HTTPClient.swift */; };
		35FAFA2E2176468400CFEA93 /* URLSession+HTTPClient.swift in Sources */ = {isa = PBXBuildFile; fileRef = 35FAFA2D2176468400CFEA93 /* URLSession+HTTPClient.swift */; };
		9001C0BE217086F300CB1287 /* lottery_result.json in Resources */ = {isa = PBXBuildFile; fileRef = 9001C0BD217086F300CB1287 /* lottery_result.json */; };
		9001C0C12170874B00CB1287 /* JSONLoader.swift in Sources */ = {isa = PBXBuildFile; fileRef = 9001C0C02170874B00CB1287 /* JSONLoader.swift */; };
		9001C0C3217088A200CB1287 /* LotteryResultDecodingTests.swift in Sources */ = {isa = PBXBuildFile; fileRef = 9001C0C2217088A200CB1287 /* LotteryResultDecodingTests.swift */; };
		90122C4D2181A91D00917483 /* LottoAPI.framework in Frameworks */ = {isa = PBXBuildFile; fileRef = 90122C442181A91C00917483 /* LottoAPI.framework */; };
		90122C5B2181A97200917483 /* LottoHTTPClient.swift in Sources */ = {isa = PBXBuildFile; fileRef = 9028BDCC217077C700FE7053 /* LottoHTTPClient.swift */; };
		90122C5C2181A98A00917483 /* LottoHttpClientImpl.swift in Sources */ = {isa = PBXBuildFile; fileRef = 9028BDC62170755600FE7053 /* LottoHttpClientImpl.swift */; };
		90122C5D2181A98C00917483 /* HTTPClient.swift in Sources */ = {isa = PBXBuildFile; fileRef = 35FAFA2B2176464800CFEA93 /* HTTPClient.swift */; };
		90122C5E2181A98F00917483 /* URLSession+HTTPClient.swift in Sources */ = {isa = PBXBuildFile; fileRef = 35FAFA2D2176468400CFEA93 /* URLSession+HTTPClient.swift */; };
		90122C5F2181A99300917483 /* Result.swift in Sources */ = {isa = PBXBuildFile; fileRef = 9028BDCA2170769000FE7053 /* Result.swift */; };
		90122C622181A99C00917483 /* JSONDecoder+Extensions.swift in Sources */ = {isa = PBXBuildFile; fileRef = 90A6A8782170B316008A4BA9 /* JSONDecoder+Extensions.swift */; };
		90122C642181A9A100917483 /* LottoAPI.swift in Sources */ = {isa = PBXBuildFile; fileRef = 90A315B4217F059C00C42AA8 /* LottoAPI.swift */; };
		90122C652181A9A700917483 /* FakeHttpClient.swift in Sources */ = {isa = PBXBuildFile; fileRef = 35ACB1FC217B1DAD00C77100 /* FakeHttpClient.swift */; };
		90122C662181A9AB00917483 /* JSONLoader.swift in Sources */ = {isa = PBXBuildFile; fileRef = 9001C0C02170874B00CB1287 /* JSONLoader.swift */; };
		90122C672181A9AF00917483 /* games.json in Resources */ = {isa = PBXBuildFile; fileRef = 35ACB200217B2E2200C77100 /* games.json */; };
		90122C682181A9B200917483 /* lottery_result.json in Resources */ = {isa = PBXBuildFile; fileRef = 9001C0BD217086F300CB1287 /* lottery_result.json */; };
		90122C692181A9BC00917483 /* LotteryResultDecodingTests.swift in Sources */ = {isa = PBXBuildFile; fileRef = 9001C0C2217088A200CB1287 /* LotteryResultDecodingTests.swift */; };
		90122C6A2181A9BF00917483 /* LottoHttpClientImplTests.swift in Sources */ = {isa = PBXBuildFile; fileRef = 35ACB1FE217B1E2100C77100 /* LottoHttpClientImplTests.swift */; };
		90122C702181AF3A00917483 /* LottoAPI.h in Headers */ = {isa = PBXBuildFile; fileRef = 906E646F216DD891005F3058 /* LottoAPI.h */; settings = {ATTRIBUTES = (Public, ); }; };
		901E0CF12189A70B006C271C /* LotteriesResultsImplDecodingTests.swift in Sources */ = {isa = PBXBuildFile; fileRef = 901E0CF02189A70B006C271C /* LotteriesResultsImplDecodingTests.swift */; };
		901E0CF22189A70B006C271C /* LotteriesResultsImplDecodingTests.swift in Sources */ = {isa = PBXBuildFile; fileRef = 901E0CF02189A70B006C271C /* LotteriesResultsImplDecodingTests.swift */; };
		9028BDCB2170769000FE7053 /* Result.swift in Sources */ = {isa = PBXBuildFile; fileRef = 9028BDCA2170769000FE7053 /* Result.swift */; };
		9028BDCD217077C700FE7053 /* LottoHTTPClient.swift in Sources */ = {isa = PBXBuildFile; fileRef = 9028BDCC217077C700FE7053 /* LottoHTTPClient.swift */; };
		905BE2DD21885384008C1E06 /* LotteryResult.swift in Sources */ = {isa = PBXBuildFile; fileRef = 905BE2DC21885384008C1E06 /* LotteryResult.swift */; };
		905BE2DE21885384008C1E06 /* LotteryResult.swift in Sources */ = {isa = PBXBuildFile; fileRef = 905BE2DC21885384008C1E06 /* LotteryResult.swift */; };
		905BE2E0218853E6008C1E06 /* LotteryResultImpl.swift in Sources */ = {isa = PBXBuildFile; fileRef = 905BE2DF218853E6008C1E06 /* LotteryResultImpl.swift */; };
		905BE2E1218853E6008C1E06 /* LotteryResultImpl.swift in Sources */ = {isa = PBXBuildFile; fileRef = 905BE2DF218853E6008C1E06 /* LotteryResultImpl.swift */; };
		905BE2E32188564A008C1E06 /* LotteriesResults.swift in Sources */ = {isa = PBXBuildFile; fileRef = 905BE2E22188564A008C1E06 /* LotteriesResults.swift */; };
		905BE2E42188564A008C1E06 /* LotteriesResults.swift in Sources */ = {isa = PBXBuildFile; fileRef = 905BE2E22188564A008C1E06 /* LotteriesResults.swift */; };
		905BE2E6218856C2008C1E06 /* LotteriesResultsImpl.swift in Sources */ = {isa = PBXBuildFile; fileRef = 905BE2E5218856C2008C1E06 /* LotteriesResultsImpl.swift */; };
		905BE2E7218856C2008C1E06 /* LotteriesResultsImpl.swift in Sources */ = {isa = PBXBuildFile; fileRef = 905BE2E5218856C2008C1E06 /* LotteriesResultsImpl.swift */; };
		905BE2F2218863F3008C1E06 /* extra.json in Resources */ = {isa = PBXBuildFile; fileRef = 905BE2EB21886344008C1E06 /* extra.json */; };
		905BE2F3218863F3008C1E06 /* extra.json in Resources */ = {isa = PBXBuildFile; fileRef = 905BE2EB21886344008C1E06 /* extra.json */; };
		905BE2F4218863F8008C1E06 /* plus.json in Resources */ = {isa = PBXBuildFile; fileRef = 905BE2EA21886344008C1E06 /* plus.json */; };
		905BE2F5218863F8008C1E06 /* plus.json in Resources */ = {isa = PBXBuildFile; fileRef = 905BE2EA21886344008C1E06 /* plus.json */; };
		905BE2F6218863FC008C1E06 /* joker.json in Resources */ = {isa = PBXBuildFile; fileRef = 905BE2E921886343008C1E06 /* joker.json */; };
		905BE2F7218863FD008C1E06 /* joker.json in Resources */ = {isa = PBXBuildFile; fileRef = 905BE2E921886343008C1E06 /* joker.json */; };
		906E6476216DD891005F3058 /* LottoAPI.framework in Frameworks */ = {isa = PBXBuildFile; fileRef = 906E646C216DD891005F3058 /* LottoAPI.framework */; };
		906E647D216DD891005F3058 /* LottoAPI.h in Headers */ = {isa = PBXBuildFile; fileRef = 906E646F216DD891005F3058 /* LottoAPI.h */; settings = {ATTRIBUTES = (Public, ); }; };
		90A315B5217F059C00C42AA8 /* LottoAPI.swift in Sources */ = {isa = PBXBuildFile; fileRef = 90A315B4217F059C00C42AA8 /* LottoAPI.swift */; };
		90A6A8792170B316008A4BA9 /* JSONDecoder+Extensions.swift in Sources */ = {isa = PBXBuildFile; fileRef = 90A6A8782170B316008A4BA9 /* JSONDecoder+Extensions.swift */; };
/* End PBXBuildFile section */

/* Begin PBXContainerItemProxy section */
		35F781E9217CCCD0008D2C2D /* PBXContainerItemProxy */ = {
			isa = PBXContainerItemProxy;
			containerPortal = 906E6463216DD891005F3058 /* Project object */;
			proxyType = 1;
			remoteGlobalIDString = 906E646B216DD891005F3058;
			remoteInfo = LottoAPI;
		};
		90122C4E2181A91D00917483 /* PBXContainerItemProxy */ = {
			isa = PBXContainerItemProxy;
			containerPortal = 906E6463216DD891005F3058 /* Project object */;
			proxyType = 1;
			remoteGlobalIDString = 90122C432181A91C00917483;
			remoteInfo = LottoAPImacOS;
		};
		906E6477216DD891005F3058 /* PBXContainerItemProxy */ = {
			isa = PBXContainerItemProxy;
			containerPortal = 906E6463216DD891005F3058 /* Project object */;
			proxyType = 1;
			remoteGlobalIDString = 906E646B216DD891005F3058;
			remoteInfo = LottoAPI;
		};
/* End PBXContainerItemProxy section */

/* Begin PBXFileReference section */
		35ACB1FC217B1DAD00C77100 /* FakeHttpClient.swift */ = {isa = PBXFileReference; lastKnownFileType = sourcecode.swift; path = FakeHttpClient.swift; sourceTree = "<group>"; };
		35ACB1FE217B1E2100C77100 /* LottoHttpClientImplTests.swift */ = {isa = PBXFileReference; lastKnownFileType = sourcecode.swift; path = LottoHttpClientImplTests.swift; sourceTree = "<group>"; };
		35ACB200217B2E2200C77100 /* games.json */ = {isa = PBXFileReference; fileEncoding = 4; lastKnownFileType = text.json; path = games.json; sourceTree = "<group>"; };
		35F781E3217CCCD0008D2C2D /* LottoAPIIntegrationTests.xctest */ = {isa = PBXFileReference; explicitFileType = wrapper.cfbundle; includeInIndex = 0; path = LottoAPIIntegrationTests.xctest; sourceTree = BUILT_PRODUCTS_DIR; };
		35F781E5217CCCD0008D2C2D /* LottoAPIIntegrationTests.swift */ = {isa = PBXFileReference; lastKnownFileType = sourcecode.swift; path = LottoAPIIntegrationTests.swift; sourceTree = "<group>"; };
		35F781E7217CCCD0008D2C2D /* Info-iOS.plist */ = {isa = PBXFileReference; lastKnownFileType = text.plist.xml; path = "Info-iOS.plist"; sourceTree = "<group>"; };
		35FAFA2B2176464800CFEA93 /* HTTPClient.swift */ = {isa = PBXFileReference; lastKnownFileType = sourcecode.swift; path = HTTPClient.swift; sourceTree = "<group>"; };
		35FAFA2D2176468400CFEA93 /* URLSession+HTTPClient.swift */ = {isa = PBXFileReference; lastKnownFileType = sourcecode.swift; path = "URLSession+HTTPClient.swift"; sourceTree = "<group>"; };
		9001C0BD217086F300CB1287 /* lottery_result.json */ = {isa = PBXFileReference; fileEncoding = 4; lastKnownFileType = text.json; path = lottery_result.json; sourceTree = "<group>"; };
		9001C0C02170874B00CB1287 /* JSONLoader.swift */ = {isa = PBXFileReference; lastKnownFileType = sourcecode.swift; path = JSONLoader.swift; sourceTree = "<group>"; };
		9001C0C2217088A200CB1287 /* LotteryResultDecodingTests.swift */ = {isa = PBXFileReference; lastKnownFileType = sourcecode.swift; path = LotteryResultDecodingTests.swift; sourceTree = "<group>"; };
		90122C442181A91C00917483 /* LottoAPI.framework */ = {isa = PBXFileReference; explicitFileType = wrapper.framework; includeInIndex = 0; path = LottoAPI.framework; sourceTree = BUILT_PRODUCTS_DIR; };
		90122C472181A91C00917483 /* Info-macOS.plist */ = {isa = PBXFileReference; lastKnownFileType = text.plist.xml; path = "Info-macOS.plist"; sourceTree = "<group>"; };
		90122C4C2181A91D00917483 /* LottoAPITests-macOS.xctest */ = {isa = PBXFileReference; explicitFileType = wrapper.cfbundle; includeInIndex = 0; path = "LottoAPITests-macOS.xctest"; sourceTree = BUILT_PRODUCTS_DIR; };
		90122C532181A91D00917483 /* Info-macOS.plist */ = {isa = PBXFileReference; lastKnownFileType = text.plist.xml; path = "Info-macOS.plist"; sourceTree = "<group>"; };
		90122C6E2181AE1E00917483 /* Info-iOS.plist */ = {isa = PBXFileReference; fileEncoding = 4; lastKnownFileType = text.plist.xml; path = "Info-iOS.plist"; sourceTree = "<group>"; };
		901E0CF02189A70B006C271C /* LotteriesResultsImplDecodingTests.swift */ = {isa = PBXFileReference; lastKnownFileType = sourcecode.swift; path = LotteriesResultsImplDecodingTests.swift; sourceTree = "<group>"; };
		9028BDC62170755600FE7053 /* LottoHttpClientImpl.swift */ = {isa = PBXFileReference; lastKnownFileType = sourcecode.swift; path = LottoHttpClientImpl.swift; sourceTree = "<group>"; };
		9028BDCA2170769000FE7053 /* Result.swift */ = {isa = PBXFileReference; lastKnownFileType = sourcecode.swift; path = Result.swift; sourceTree = "<group>"; };
		9028BDCC217077C700FE7053 /* LottoHTTPClient.swift */ = {isa = PBXFileReference; lastKnownFileType = sourcecode.swift; path = LottoHTTPClient.swift; sourceTree = "<group>"; };
		905BE2DC21885384008C1E06 /* LotteryResult.swift */ = {isa = PBXFileReference; lastKnownFileType = sourcecode.swift; path = LotteryResult.swift; sourceTree = "<group>"; };
		905BE2DF218853E6008C1E06 /* LotteryResultImpl.swift */ = {isa = PBXFileReference; lastKnownFileType = sourcecode.swift; path = LotteryResultImpl.swift; sourceTree = "<group>"; };
		905BE2E22188564A008C1E06 /* LotteriesResults.swift */ = {isa = PBXFileReference; lastKnownFileType = sourcecode.swift; path = LotteriesResults.swift; sourceTree = "<group>"; };
		905BE2E5218856C2008C1E06 /* LotteriesResultsImpl.swift */ = {isa = PBXFileReference; lastKnownFileType = sourcecode.swift; path = LotteriesResultsImpl.swift; sourceTree = "<group>"; };
		905BE2E921886343008C1E06 /* joker.json */ = {isa = PBXFileReference; fileEncoding = 4; lastKnownFileType = text.json; path = joker.json; sourceTree = "<group>"; };
		905BE2EA21886344008C1E06 /* plus.json */ = {isa = PBXFileReference; fileEncoding = 4; lastKnownFileType = text.json; path = plus.json; sourceTree = "<group>"; };
		905BE2EB21886344008C1E06 /* extra.json */ = {isa = PBXFileReference; fileEncoding = 4; lastKnownFileType = text.json; path = extra.json; sourceTree = "<group>"; };
		906E646C216DD891005F3058 /* LottoAPI.framework */ = {isa = PBXFileReference; explicitFileType = wrapper.framework; includeInIndex = 0; path = LottoAPI.framework; sourceTree = BUILT_PRODUCTS_DIR; };
		906E646F216DD891005F3058 /* LottoAPI.h */ = {isa = PBXFileReference; lastKnownFileType = sourcecode.c.h; path = LottoAPI.h; sourceTree = "<group>"; };
		906E6470216DD891005F3058 /* Info-iOS.plist */ = {isa = PBXFileReference; lastKnownFileType = text.plist.xml; path = "Info-iOS.plist"; sourceTree = "<group>"; };
		906E6475216DD891005F3058 /* LottoAPITests-iOS.xctest */ = {isa = PBXFileReference; explicitFileType = wrapper.cfbundle; includeInIndex = 0; path = "LottoAPITests-iOS.xctest"; sourceTree = BUILT_PRODUCTS_DIR; };
		90A315B4217F059C00C42AA8 /* LottoAPI.swift */ = {isa = PBXFileReference; lastKnownFileType = sourcecode.swift; path = LottoAPI.swift; sourceTree = "<group>"; };
		90A6A8782170B316008A4BA9 /* JSONDecoder+Extensions.swift */ = {isa = PBXFileReference; lastKnownFileType = sourcecode.swift; path = "JSONDecoder+Extensions.swift"; sourceTree = "<group>"; };
/* End PBXFileReference section */

/* Begin PBXFrameworksBuildPhase section */
		35F781E0217CCCD0008D2C2D /* Frameworks */ = {
			isa = PBXFrameworksBuildPhase;
			buildActionMask = 2147483647;
			files = (
				35F781E8217CCCD0008D2C2D /* LottoAPI.framework in Frameworks */,
			);
			runOnlyForDeploymentPostprocessing = 0;
		};
		90122C412181A91C00917483 /* Frameworks */ = {
			isa = PBXFrameworksBuildPhase;
			buildActionMask = 2147483647;
			files = (
			);
			runOnlyForDeploymentPostprocessing = 0;
		};
		90122C492181A91D00917483 /* Frameworks */ = {
			isa = PBXFrameworksBuildPhase;
			buildActionMask = 2147483647;
			files = (
				90122C4D2181A91D00917483 /* LottoAPI.framework in Frameworks */,
			);
			runOnlyForDeploymentPostprocessing = 0;
		};
		906E6469216DD891005F3058 /* Frameworks */ = {
			isa = PBXFrameworksBuildPhase;
			buildActionMask = 2147483647;
			files = (
			);
			runOnlyForDeploymentPostprocessing = 0;
		};
		906E6472216DD891005F3058 /* Frameworks */ = {
			isa = PBXFrameworksBuildPhase;
			buildActionMask = 2147483647;
			files = (
				906E6476216DD891005F3058 /* LottoAPI.framework in Frameworks */,
			);
			runOnlyForDeploymentPostprocessing = 0;
		};
/* End PBXFrameworksBuildPhase section */

/* Begin PBXGroup section */
		35ACB1FB217B1D9800C77100 /* fakes */ = {
			isa = PBXGroup;
			children = (
				35ACB1FC217B1DAD00C77100 /* FakeHttpClient.swift */,
			);
			path = fakes;
			sourceTree = "<group>";
		};
		35F781E4217CCCD0008D2C2D /* LottoAPIIntegrationTests */ = {
			isa = PBXGroup;
			children = (
				90122C6D2181ADBA00917483 /* config */,
				35F781E5217CCCD0008D2C2D /* LottoAPIIntegrationTests.swift */,
			);
			path = LottoAPIIntegrationTests;
			sourceTree = "<group>";
		};
		35FAFA2A21763F9E00CFEA93 /* WebClient */ = {
			isa = PBXGroup;
			children = (
				9028BDCC217077C700FE7053 /* LottoHTTPClient.swift */,
				9028BDC62170755600FE7053 /* LottoHttpClientImpl.swift */,
				35FAFA2B2176464800CFEA93 /* HTTPClient.swift */,
				35FAFA2D2176468400CFEA93 /* URLSession+HTTPClient.swift */,
			);
			path = WebClient;
			sourceTree = "<group>";
		};
		9001C0BC217086B100CB1287 /* jsons */ = {
			isa = PBXGroup;
			children = (
				905BE2EB21886344008C1E06 /* extra.json */,
				905BE2E921886343008C1E06 /* joker.json */,
				905BE2EA21886344008C1E06 /* plus.json */,
				35ACB200217B2E2200C77100 /* games.json */,
				9001C0BD217086F300CB1287 /* lottery_result.json */,
			);
			path = jsons;
			sourceTree = "<group>";
		};
		9001C0BF2170873800CB1287 /* utils */ = {
			isa = PBXGroup;
			children = (
				9001C0C02170874B00CB1287 /* JSONLoader.swift */,
			);
			path = utils;
			sourceTree = "<group>";
		};
		90122C6B2181AB5B00917483 /* config */ = {
			isa = PBXGroup;
			children = (
				90122C532181A91D00917483 /* Info-macOS.plist */,
				35F781E7217CCCD0008D2C2D /* Info-iOS.plist */,
			);
			path = config;
			sourceTree = "<group>";
		};
		90122C6D2181ADBA00917483 /* config */ = {
			isa = PBXGroup;
			children = (
				90122C6E2181AE1E00917483 /* Info-iOS.plist */,
			);
			path = config;
			sourceTree = "<group>";
		};
		905BE2DB2188535B008C1E06 /* LotteryResults */ = {
			isa = PBXGroup;
			children = (
				905BE2DC21885384008C1E06 /* LotteryResult.swift */,
				905BE2DF218853E6008C1E06 /* LotteryResultImpl.swift */,
				905BE2E22188564A008C1E06 /* LotteriesResults.swift */,
				905BE2E5218856C2008C1E06 /* LotteriesResultsImpl.swift */,
			);
			path = LotteryResults;
			sourceTree = "<group>";
		};
		905BE2E821885D80008C1E06 /* Codeable */ = {
			isa = PBXGroup;
			children = (
				90A6A8782170B316008A4BA9 /* JSONDecoder+Extensions.swift */,
			);
			path = Codeable;
			sourceTree = "<group>";
		};
		906E6462216DD891005F3058 = {
			isa = PBXGroup;
			children = (
				906E646E216DD891005F3058 /* LottoAPI */,
				906E6479216DD891005F3058 /* LottoAPITests */,
				35F781E4217CCCD0008D2C2D /* LottoAPIIntegrationTests */,
				906E646D216DD891005F3058 /* Products */,
			);
			sourceTree = "<group>";
		};
		906E646D216DD891005F3058 /* Products */ = {
			isa = PBXGroup;
			children = (
				906E646C216DD891005F3058 /* LottoAPI.framework */,
				906E6475216DD891005F3058 /* LottoAPITests-iOS.xctest */,
				35F781E3217CCCD0008D2C2D /* LottoAPIIntegrationTests.xctest */,
				90122C442181A91C00917483 /* LottoAPI.framework */,
				90122C4C2181A91D00917483 /* LottoAPITests-macOS.xctest */,
			);
			name = Products;
			sourceTree = "<group>";
		};
		906E646E216DD891005F3058 /* LottoAPI */ = {
			isa = PBXGroup;
			children = (
				905BE2E821885D80008C1E06 /* Codeable */,
				905BE2DB2188535B008C1E06 /* LotteryResults */,
				35FAFA2A21763F9E00CFEA93 /* WebClient */,
				906E6488216DDBCF005F3058 /* Configuration */,
				906E646F216DD891005F3058 /* LottoAPI.h */,
				9028BDCA2170769000FE7053 /* Result.swift */,
				90A315B4217F059C00C42AA8 /* LottoAPI.swift */,
			);
			path = LottoAPI;
			sourceTree = "<group>";
		};
		906E6479216DD891005F3058 /* LottoAPITests */ = {
			isa = PBXGroup;
			children = (
				90122C6B2181AB5B00917483 /* config */,
				35ACB1FB217B1D9800C77100 /* fakes */,
				9001C0BF2170873800CB1287 /* utils */,
				9001C0BC217086B100CB1287 /* jsons */,
				9001C0C2217088A200CB1287 /* LotteryResultDecodingTests.swift */,
				35ACB1FE217B1E2100C77100 /* LottoHttpClientImplTests.swift */,
				901E0CF02189A70B006C271C /* LotteriesResultsImplDecodingTests.swift */,
			);
			path = LottoAPITests;
			sourceTree = "<group>";
		};
		906E6488216DDBCF005F3058 /* Configuration */ = {
			isa = PBXGroup;
			children = (
				90122C472181A91C00917483 /* Info-macOS.plist */,
				906E6470216DD891005F3058 /* Info-iOS.plist */,
			);
			path = Configuration;
			sourceTree = "<group>";
		};
/* End PBXGroup section */

/* Begin PBXHeadersBuildPhase section */
		90122C3F2181A91C00917483 /* Headers */ = {
			isa = PBXHeadersBuildPhase;
			buildActionMask = 2147483647;
			files = (
				90122C702181AF3A00917483 /* LottoAPI.h in Headers */,
			);
			runOnlyForDeploymentPostprocessing = 0;
		};
		906E6467216DD891005F3058 /* Headers */ = {
			isa = PBXHeadersBuildPhase;
			buildActionMask = 2147483647;
			files = (
				906E647D216DD891005F3058 /* LottoAPI.h in Headers */,
			);
			runOnlyForDeploymentPostprocessing = 0;
		};
/* End PBXHeadersBuildPhase section */

/* Begin PBXNativeTarget section */
		35F781E2217CCCD0008D2C2D /* LottoAPIIntegrationTests */ = {
			isa = PBXNativeTarget;
			buildConfigurationList = 35F781EB217CCCD0008D2C2D /* Build configuration list for PBXNativeTarget "LottoAPIIntegrationTests" */;
			buildPhases = (
				35F781DF217CCCD0008D2C2D /* Sources */,
				35F781E0217CCCD0008D2C2D /* Frameworks */,
				35F781E1217CCCD0008D2C2D /* Resources */,
			);
			buildRules = (
			);
			dependencies = (
				35F781EA217CCCD0008D2C2D /* PBXTargetDependency */,
			);
			name = LottoAPIIntegrationTests;
			productName = LottoAPIIntegrationTests;
			productReference = 35F781E3217CCCD0008D2C2D /* LottoAPIIntegrationTests.xctest */;
			productType = "com.apple.product-type.bundle.unit-test";
		};
		90122C432181A91C00917483 /* LottoAPI-macOS */ = {
			isa = PBXNativeTarget;
			buildConfigurationList = 90122C592181A91D00917483 /* Build configuration list for PBXNativeTarget "LottoAPI-macOS" */;
			buildPhases = (
				90122C3F2181A91C00917483 /* Headers */,
				90122C402181A91C00917483 /* Sources */,
				90122C412181A91C00917483 /* Frameworks */,
				90122C422181A91C00917483 /* Resources */,
			);
			buildRules = (
			);
			dependencies = (
			);
			name = "LottoAPI-macOS";
			productName = LottoAPImacOS;
			productReference = 90122C442181A91C00917483 /* LottoAPI.framework */;
			productType = "com.apple.product-type.framework";
		};
		90122C4B2181A91D00917483 /* LottoAPITests-macOS */ = {
			isa = PBXNativeTarget;
			buildConfigurationList = 90122C5A2181A91D00917483 /* Build configuration list for PBXNativeTarget "LottoAPITests-macOS" */;
			buildPhases = (
				90122C482181A91D00917483 /* Sources */,
				90122C492181A91D00917483 /* Frameworks */,
				90122C4A2181A91D00917483 /* Resources */,
			);
			buildRules = (
			);
			dependencies = (
				90122C4F2181A91D00917483 /* PBXTargetDependency */,
			);
			name = "LottoAPITests-macOS";
			productName = LottoAPImacOSTests;
			productReference = 90122C4C2181A91D00917483 /* LottoAPITests-macOS.xctest */;
			productType = "com.apple.product-type.bundle.unit-test";
		};
		906E646B216DD891005F3058 /* LottoAPI-iOS */ = {
			isa = PBXNativeTarget;
			buildConfigurationList = 906E6480216DD891005F3058 /* Build configuration list for PBXNativeTarget "LottoAPI-iOS" */;
			buildPhases = (
				906E6467216DD891005F3058 /* Headers */,
				906E6468216DD891005F3058 /* Sources */,
				906E6469216DD891005F3058 /* Frameworks */,
				906E646A216DD891005F3058 /* Resources */,
			);
			buildRules = (
			);
			dependencies = (
			);
			name = "LottoAPI-iOS";
			productName = LottoAPI;
			productReference = 906E646C216DD891005F3058 /* LottoAPI.framework */;
			productType = "com.apple.product-type.framework";
		};
		906E6474216DD891005F3058 /* LottoAPITests-iOS */ = {
			isa = PBXNativeTarget;
			buildConfigurationList = 906E6483216DD891005F3058 /* Build configuration list for PBXNativeTarget "LottoAPITests-iOS" */;
			buildPhases = (
				906E6471216DD891005F3058 /* Sources */,
				906E6472216DD891005F3058 /* Frameworks */,
				906E6473216DD891005F3058 /* Resources */,
			);
			buildRules = (
			);
			dependencies = (
				906E6478216DD891005F3058 /* PBXTargetDependency */,
			);
			name = "LottoAPITests-iOS";
			productName = LottoAPITests;
			productReference = 906E6475216DD891005F3058 /* LottoAPITests-iOS.xctest */;
			productType = "com.apple.product-type.bundle.unit-test";
		};
/* End PBXNativeTarget section */

/* Begin PBXProject section */
		906E6463216DD891005F3058 /* Project object */ = {
			isa = PBXProject;
			attributes = {
				LastSwiftUpdateCheck = 1000;
				LastUpgradeCheck = 1000;
				ORGANIZATIONNAME = "Michal Moskala";
				TargetAttributes = {
					35F781E2217CCCD0008D2C2D = {
						CreatedOnToolsVersion = 10.0;
					};
					90122C432181A91C00917483 = {
						CreatedOnToolsVersion = 10.0;
					};
					90122C4B2181A91D00917483 = {
						CreatedOnToolsVersion = 10.0;
					};
					906E646B216DD891005F3058 = {
						CreatedOnToolsVersion = 10.0;
						LastSwiftMigration = 1000;
					};
					906E6474216DD891005F3058 = {
						CreatedOnToolsVersion = 10.0;
					};
				};
			};
			buildConfigurationList = 906E6466216DD891005F3058 /* Build configuration list for PBXProject "LottoAPI" */;
			compatibilityVersion = "Xcode 9.3";
			developmentRegion = en;
			hasScannedForEncodings = 0;
			knownRegions = (
				en,
			);
			mainGroup = 906E6462216DD891005F3058;
			productRefGroup = 906E646D216DD891005F3058 /* Products */;
			projectDirPath = "";
			projectRoot = "";
			targets = (
				906E646B216DD891005F3058 /* LottoAPI-iOS */,
				90122C432181A91C00917483 /* LottoAPI-macOS */,
				906E6474216DD891005F3058 /* LottoAPITests-iOS */,
				90122C4B2181A91D00917483 /* LottoAPITests-macOS */,
				35F781E2217CCCD0008D2C2D /* LottoAPIIntegrationTests */,
			);
		};
/* End PBXProject section */

/* Begin PBXResourcesBuildPhase section */
		35F781E1217CCCD0008D2C2D /* Resources */ = {
			isa = PBXResourcesBuildPhase;
			buildActionMask = 2147483647;
			files = (
			);
			runOnlyForDeploymentPostprocessing = 0;
		};
		90122C422181A91C00917483 /* Resources */ = {
			isa = PBXResourcesBuildPhase;
			buildActionMask = 2147483647;
			files = (
			);
			runOnlyForDeploymentPostprocessing = 0;
		};
		90122C4A2181A91D00917483 /* Resources */ = {
			isa = PBXResourcesBuildPhase;
			buildActionMask = 2147483647;
			files = (
				90122C682181A9B200917483 /* lottery_result.json in Resources */,
				905BE2F4218863F8008C1E06 /* plus.json in Resources */,
				905BE2F3218863F3008C1E06 /* extra.json in Resources */,
				905BE2F6218863FC008C1E06 /* joker.json in Resources */,
				90122C672181A9AF00917483 /* games.json in Resources */,
			);
			runOnlyForDeploymentPostprocessing = 0;
		};
		906E646A216DD891005F3058 /* Resources */ = {
			isa = PBXResourcesBuildPhase;
			buildActionMask = 2147483647;
			files = (
			);
			runOnlyForDeploymentPostprocessing = 0;
		};
		906E6473216DD891005F3058 /* Resources */ = {
			isa = PBXResourcesBuildPhase;
			buildActionMask = 2147483647;
			files = (
				9001C0BE217086F300CB1287 /* lottery_result.json in Resources */,
				905BE2F5218863F8008C1E06 /* plus.json in Resources */,
				905BE2F2218863F3008C1E06 /* extra.json in Resources */,
				905BE2F7218863FD008C1E06 /* joker.json in Resources */,
				35ACB201217B2E2200C77100 /* games.json in Resources */,
			);
			runOnlyForDeploymentPostprocessing = 0;
		};
/* End PBXResourcesBuildPhase section */

/* Begin PBXSourcesBuildPhase section */
		35F781DF217CCCD0008D2C2D /* Sources */ = {
			isa = PBXSourcesBuildPhase;
			buildActionMask = 2147483647;
			files = (
				35F781E6217CCCD0008D2C2D /* LottoAPIIntegrationTests.swift in Sources */,
			);
			runOnlyForDeploymentPostprocessing = 0;
		};
		90122C402181A91C00917483 /* Sources */ = {
			isa = PBXSourcesBuildPhase;
			buildActionMask = 2147483647;
			files = (
				905BE2DE21885384008C1E06 /* LotteryResult.swift in Sources */,
				905BE2E1218853E6008C1E06 /* LotteryResultImpl.swift in Sources */,
				90122C5B2181A97200917483 /* LottoHTTPClient.swift in Sources */,
				90122C622181A99C00917483 /* JSONDecoder+Extensions.swift in Sources */,
				90122C5F2181A99300917483 /* Result.swift in Sources */,
				90122C5C2181A98A00917483 /* LottoHttpClientImpl.swift in Sources */,
				90122C5D2181A98C00917483 /* HTTPClient.swift in Sources */,
				90122C5E2181A98F00917483 /* URLSession+HTTPClient.swift in Sources */,
				905BE2E7218856C2008C1E06 /* LotteriesResultsImpl.swift in Sources */,
				905BE2E42188564A008C1E06 /* LotteriesResults.swift in Sources */,
				90122C642181A9A100917483 /* LottoAPI.swift in Sources */,
			);
			runOnlyForDeploymentPostprocessing = 0;
		};
		90122C482181A91D00917483 /* Sources */ = {
			isa = PBXSourcesBuildPhase;
			buildActionMask = 2147483647;
			files = (
				90122C6A2181A9BF00917483 /* LottoHttpClientImplTests.swift in Sources */,
				90122C652181A9A700917483 /* FakeHttpClient.swift in Sources */,
				90122C692181A9BC00917483 /* LotteryResultDecodingTests.swift in Sources */,
				901E0CF22189A70B006C271C /* LotteriesResultsImplDecodingTests.swift in Sources */,
				90122C662181A9AB00917483 /* JSONLoader.swift in Sources */,
			);
			runOnlyForDeploymentPostprocessing = 0;
		};
		906E6468216DD891005F3058 /* Sources */ = {
			isa = PBXSourcesBuildPhase;
			buildActionMask = 2147483647;
			files = (
				905BE2DD21885384008C1E06 /* LotteryResult.swift in Sources */,
				35FAFA2E2176468400CFEA93 /* URLSession+HTTPClient.swift in Sources */,
				905BE2E0218853E6008C1E06 /* LotteryResultImpl.swift in Sources */,
				90A6A8792170B316008A4BA9 /* JSONDecoder+Extensions.swift in Sources */,
				9028BDCB2170769000FE7053 /* Result.swift in Sources */,
				35FAFA2C2176464800CFEA93 /* HTTPClient.swift in Sources */,
				9028BDCD217077C700FE7053 /* LottoHTTPClient.swift in Sources */,
				35F781DE217B42A1008D2C2D /* LottoHttpClientImpl.swift in Sources */,
				905BE2E6218856C2008C1E06 /* LotteriesResultsImpl.swift in Sources */,
				905BE2E32188564A008C1E06 /* LotteriesResults.swift in Sources */,
				90A315B5217F059C00C42AA8 /* LottoAPI.swift in Sources */,
			);
			runOnlyForDeploymentPostprocessing = 0;
		};
		906E6471216DD891005F3058 /* Sources */ = {
			isa = PBXSourcesBuildPhase;
			buildActionMask = 2147483647;
			files = (
				35ACB1FD217B1DAD00C77100 /* FakeHttpClient.swift in Sources */,
				9001C0C12170874B00CB1287 /* JSONLoader.swift in Sources */,
				9001C0C3217088A200CB1287 /* LotteryResultDecodingTests.swift in Sources */,
				901E0CF12189A70B006C271C /* LotteriesResultsImplDecodingTests.swift in Sources */,
				35ACB1FF217B1E2100C77100 /* LottoHttpClientImplTests.swift in Sources */,
			);
			runOnlyForDeploymentPostprocessing = 0;
		};
/* End PBXSourcesBuildPhase section */

/* Begin PBXTargetDependency section */
		35F781EA217CCCD0008D2C2D /* PBXTargetDependency */ = {
			isa = PBXTargetDependency;
			target = 906E646B216DD891005F3058 /* LottoAPI-iOS */;
			targetProxy = 35F781E9217CCCD0008D2C2D /* PBXContainerItemProxy */;
		};
		90122C4F2181A91D00917483 /* PBXTargetDependency */ = {
			isa = PBXTargetDependency;
			target = 90122C432181A91C00917483 /* LottoAPI-macOS */;
			targetProxy = 90122C4E2181A91D00917483 /* PBXContainerItemProxy */;
		};
		906E6478216DD891005F3058 /* PBXTargetDependency */ = {
			isa = PBXTargetDependency;
			target = 906E646B216DD891005F3058 /* LottoAPI-iOS */;
			targetProxy = 906E6477216DD891005F3058 /* PBXContainerItemProxy */;
		};
/* End PBXTargetDependency section */

/* Begin XCBuildConfiguration section */
		35F781EC217CCCD0008D2C2D /* Debug */ = {
			isa = XCBuildConfiguration;
			buildSettings = {
				CODE_SIGN_IDENTITY = "iPhone Developer";
				CODE_SIGN_STYLE = Manual;
				DEVELOPMENT_TEAM = R77HUFLYN8;
				INFOPLIST_FILE = "LottoAPIIntegrationTests/config/Info-iOS.plist";
				LD_RUNPATH_SEARCH_PATHS = (
					"$(inherited)",
					"@executable_path/Frameworks",
					"@loader_path/Frameworks",
				);
				PRODUCT_BUNDLE_IDENTIFIER = michal.moskala.LottoAPIIntegrationTests;
				PRODUCT_NAME = "$(TARGET_NAME)";
				PROVISIONING_PROFILE_SPECIFIER = "";
				SWIFT_VERSION = 4.2;
				TARGETED_DEVICE_FAMILY = "1,2";
			};
			name = Debug;
		};
		35F781ED217CCCD0008D2C2D /* Release */ = {
			isa = XCBuildConfiguration;
			buildSettings = {
				CODE_SIGN_IDENTITY = "iPhone Developer";
				CODE_SIGN_STYLE = Manual;
				DEVELOPMENT_TEAM = R77HUFLYN8;
				INFOPLIST_FILE = "LottoAPIIntegrationTests/config/Info-iOS.plist";
				LD_RUNPATH_SEARCH_PATHS = (
					"$(inherited)",
					"@executable_path/Frameworks",
					"@loader_path/Frameworks",
				);
				PRODUCT_BUNDLE_IDENTIFIER = michal.moskala.LottoAPIIntegrationTests;
				PRODUCT_NAME = "$(TARGET_NAME)";
				PROVISIONING_PROFILE_SPECIFIER = "";
				SWIFT_VERSION = 4.2;
				TARGETED_DEVICE_FAMILY = "1,2";
			};
			name = Release;
		};
		90122C552181A91D00917483 /* Debug */ = {
			isa = XCBuildConfiguration;
			buildSettings = {
				CODE_SIGN_IDENTITY = "Mac Developer";
				CODE_SIGN_STYLE = Manual;
				COMBINE_HIDPI_IMAGES = YES;
				DEFINES_MODULE = YES;
				DEVELOPMENT_TEAM = "";
				DYLIB_COMPATIBILITY_VERSION = 1;
				DYLIB_CURRENT_VERSION = 1;
				DYLIB_INSTALL_NAME_BASE = "@rpath";
				FRAMEWORK_VERSION = A;
				INFOPLIST_FILE = "LottoAPI/Configuration/Info-macOS.plist";
				INSTALL_PATH = "$(LOCAL_LIBRARY_DIR)/Frameworks";
				LD_RUNPATH_SEARCH_PATHS = (
					"$(inherited)",
					"@executable_path/../Frameworks",
					"@loader_path/Frameworks",
				);
				MACOSX_DEPLOYMENT_TARGET = 10.13;
				PRODUCT_BUNDLE_IDENTIFIER = com.moskala.michal.LottoAPImacOS;
				PRODUCT_NAME = "$(PROJECT_NAME)";
				PROVISIONING_PROFILE_SPECIFIER = "";
				SDKROOT = macosx;
				SKIP_INSTALL = YES;
				SWIFT_VERSION = 4.2;
			};
			name = Debug;
		};
		90122C562181A91D00917483 /* Release */ = {
			isa = XCBuildConfiguration;
			buildSettings = {
				CODE_SIGN_IDENTITY = "Mac Developer";
				CODE_SIGN_STYLE = Manual;
				COMBINE_HIDPI_IMAGES = YES;
				DEFINES_MODULE = YES;
				DEVELOPMENT_TEAM = "";
				DYLIB_COMPATIBILITY_VERSION = 1;
				DYLIB_CURRENT_VERSION = 1;
				DYLIB_INSTALL_NAME_BASE = "@rpath";
				FRAMEWORK_VERSION = A;
				INFOPLIST_FILE = "LottoAPI/Configuration/Info-macOS.plist";
				INSTALL_PATH = "$(LOCAL_LIBRARY_DIR)/Frameworks";
				LD_RUNPATH_SEARCH_PATHS = (
					"$(inherited)",
					"@executable_path/../Frameworks",
					"@loader_path/Frameworks",
				);
				MACOSX_DEPLOYMENT_TARGET = 10.13;
				PRODUCT_BUNDLE_IDENTIFIER = com.moskala.michal.LottoAPImacOS;
				PRODUCT_NAME = "$(PROJECT_NAME)";
				PROVISIONING_PROFILE_SPECIFIER = "";
				SDKROOT = macosx;
				SKIP_INSTALL = YES;
				SWIFT_VERSION = 4.2;
			};
			name = Release;
		};
		90122C572181A91D00917483 /* Debug */ = {
			isa = XCBuildConfiguration;
			buildSettings = {
				ALWAYS_EMBED_SWIFT_STANDARD_LIBRARIES = YES;
				CODE_SIGN_IDENTITY = "Mac Developer";
				CODE_SIGN_STYLE = Manual;
				COMBINE_HIDPI_IMAGES = YES;
				DEVELOPMENT_TEAM = R77HUFLYN8;
				INFOPLIST_FILE = "LottoAPITests/config/Info-macOS.plist";
				LD_RUNPATH_SEARCH_PATHS = (
					"$(inherited)",
					"@executable_path/../Frameworks",
					"@loader_path/../Frameworks",
				);
				MACOSX_DEPLOYMENT_TARGET = 10.13;
				PRODUCT_BUNDLE_IDENTIFIER = com.moskala.michal.LottoAPImacOSTests;
				PRODUCT_NAME = "$(TARGET_NAME)";
				PROVISIONING_PROFILE_SPECIFIER = "";
				SDKROOT = macosx;
				SWIFT_VERSION = 4.2;
			};
			name = Debug;
		};
		90122C582181A91D00917483 /* Release */ = {
			isa = XCBuildConfiguration;
			buildSettings = {
				ALWAYS_EMBED_SWIFT_STANDARD_LIBRARIES = YES;
				CODE_SIGN_IDENTITY = "Mac Developer";
				CODE_SIGN_STYLE = Manual;
				COMBINE_HIDPI_IMAGES = YES;
				DEVELOPMENT_TEAM = R77HUFLYN8;
				INFOPLIST_FILE = "LottoAPITests/config/Info-macOS.plist";
				LD_RUNPATH_SEARCH_PATHS = (
					"$(inherited)",
					"@executable_path/../Frameworks",
					"@loader_path/../Frameworks",
				);
				MACOSX_DEPLOYMENT_TARGET = 10.13;
				PRODUCT_BUNDLE_IDENTIFIER = com.moskala.michal.LottoAPImacOSTests;
				PRODUCT_NAME = "$(TARGET_NAME)";
				PROVISIONING_PROFILE_SPECIFIER = "";
				SDKROOT = macosx;
				SWIFT_VERSION = 4.2;
			};
			name = Release;
		};
		906E647E216DD891005F3058 /* Debug */ = {
			isa = XCBuildConfiguration;
			buildSettings = {
				ALWAYS_SEARCH_USER_PATHS = NO;
				CLANG_ANALYZER_NONNULL = YES;
				CLANG_ANALYZER_NUMBER_OBJECT_CONVERSION = YES_AGGRESSIVE;
				CLANG_CXX_LANGUAGE_STANDARD = "gnu++14";
				CLANG_CXX_LIBRARY = "libc++";
				CLANG_ENABLE_MODULES = YES;
				CLANG_ENABLE_OBJC_ARC = YES;
				CLANG_ENABLE_OBJC_WEAK = YES;
				CLANG_WARN_BLOCK_CAPTURE_AUTORELEASING = YES;
				CLANG_WARN_BOOL_CONVERSION = YES;
				CLANG_WARN_COMMA = YES;
				CLANG_WARN_CONSTANT_CONVERSION = YES;
				CLANG_WARN_DEPRECATED_OBJC_IMPLEMENTATIONS = YES;
				CLANG_WARN_DIRECT_OBJC_ISA_USAGE = YES_ERROR;
				CLANG_WARN_DOCUMENTATION_COMMENTS = YES;
				CLANG_WARN_EMPTY_BODY = YES;
				CLANG_WARN_ENUM_CONVERSION = YES;
				CLANG_WARN_INFINITE_RECURSION = YES;
				CLANG_WARN_INT_CONVERSION = YES;
				CLANG_WARN_NON_LITERAL_NULL_CONVERSION = YES;
				CLANG_WARN_OBJC_IMPLICIT_RETAIN_SELF = YES;
				CLANG_WARN_OBJC_LITERAL_CONVERSION = YES;
				CLANG_WARN_OBJC_ROOT_CLASS = YES_ERROR;
				CLANG_WARN_RANGE_LOOP_ANALYSIS = YES;
				CLANG_WARN_STRICT_PROTOTYPES = YES;
				CLANG_WARN_SUSPICIOUS_MOVE = YES;
				CLANG_WARN_UNGUARDED_AVAILABILITY = YES_AGGRESSIVE;
				CLANG_WARN_UNREACHABLE_CODE = YES;
				CLANG_WARN__DUPLICATE_METHOD_MATCH = YES;
				CODE_SIGN_IDENTITY = "iPhone Developer";
				COPY_PHASE_STRIP = NO;
				CURRENT_PROJECT_VERSION = 1;
				DEBUG_INFORMATION_FORMAT = dwarf;
				ENABLE_STRICT_OBJC_MSGSEND = YES;
				ENABLE_TESTABILITY = YES;
				GCC_C_LANGUAGE_STANDARD = gnu11;
				GCC_DYNAMIC_NO_PIC = NO;
				GCC_NO_COMMON_BLOCKS = YES;
				GCC_OPTIMIZATION_LEVEL = 0;
				GCC_PREPROCESSOR_DEFINITIONS = (
					"DEBUG=1",
					"$(inherited)",
				);
				GCC_WARN_64_TO_32_BIT_CONVERSION = YES;
				GCC_WARN_ABOUT_RETURN_TYPE = YES_ERROR;
				GCC_WARN_UNDECLARED_SELECTOR = YES;
				GCC_WARN_UNINITIALIZED_AUTOS = YES_AGGRESSIVE;
				GCC_WARN_UNUSED_FUNCTION = YES;
				GCC_WARN_UNUSED_VARIABLE = YES;
				IPHONEOS_DEPLOYMENT_TARGET = 12.0;
				MTL_ENABLE_DEBUG_INFO = INCLUDE_SOURCE;
				MTL_FAST_MATH = YES;
				ONLY_ACTIVE_ARCH = YES;
				SDKROOT = iphoneos;
				SWIFT_ACTIVE_COMPILATION_CONDITIONS = DEBUG;
				SWIFT_OPTIMIZATION_LEVEL = "-Onone";
				VERSIONING_SYSTEM = "apple-generic";
				VERSION_INFO_PREFIX = "";
			};
			name = Debug;
		};
		906E647F216DD891005F3058 /* Release */ = {
			isa = XCBuildConfiguration;
			buildSettings = {
				ALWAYS_SEARCH_USER_PATHS = NO;
				CLANG_ANALYZER_NONNULL = YES;
				CLANG_ANALYZER_NUMBER_OBJECT_CONVERSION = YES_AGGRESSIVE;
				CLANG_CXX_LANGUAGE_STANDARD = "gnu++14";
				CLANG_CXX_LIBRARY = "libc++";
				CLANG_ENABLE_MODULES = YES;
				CLANG_ENABLE_OBJC_ARC = YES;
				CLANG_ENABLE_OBJC_WEAK = YES;
				CLANG_WARN_BLOCK_CAPTURE_AUTORELEASING = YES;
				CLANG_WARN_BOOL_CONVERSION = YES;
				CLANG_WARN_COMMA = YES;
				CLANG_WARN_CONSTANT_CONVERSION = YES;
				CLANG_WARN_DEPRECATED_OBJC_IMPLEMENTATIONS = YES;
				CLANG_WARN_DIRECT_OBJC_ISA_USAGE = YES_ERROR;
				CLANG_WARN_DOCUMENTATION_COMMENTS = YES;
				CLANG_WARN_EMPTY_BODY = YES;
				CLANG_WARN_ENUM_CONVERSION = YES;
				CLANG_WARN_INFINITE_RECURSION = YES;
				CLANG_WARN_INT_CONVERSION = YES;
				CLANG_WARN_NON_LITERAL_NULL_CONVERSION = YES;
				CLANG_WARN_OBJC_IMPLICIT_RETAIN_SELF = YES;
				CLANG_WARN_OBJC_LITERAL_CONVERSION = YES;
				CLANG_WARN_OBJC_ROOT_CLASS = YES_ERROR;
				CLANG_WARN_RANGE_LOOP_ANALYSIS = YES;
				CLANG_WARN_STRICT_PROTOTYPES = YES;
				CLANG_WARN_SUSPICIOUS_MOVE = YES;
				CLANG_WARN_UNGUARDED_AVAILABILITY = YES_AGGRESSIVE;
				CLANG_WARN_UNREACHABLE_CODE = YES;
				CLANG_WARN__DUPLICATE_METHOD_MATCH = YES;
				CODE_SIGN_IDENTITY = "iPhone Developer";
				COPY_PHASE_STRIP = NO;
				CURRENT_PROJECT_VERSION = 1;
				DEBUG_INFORMATION_FORMAT = "dwarf-with-dsym";
				ENABLE_NS_ASSERTIONS = NO;
				ENABLE_STRICT_OBJC_MSGSEND = YES;
				GCC_C_LANGUAGE_STANDARD = gnu11;
				GCC_NO_COMMON_BLOCKS = YES;
				GCC_WARN_64_TO_32_BIT_CONVERSION = YES;
				GCC_WARN_ABOUT_RETURN_TYPE = YES_ERROR;
				GCC_WARN_UNDECLARED_SELECTOR = YES;
				GCC_WARN_UNINITIALIZED_AUTOS = YES_AGGRESSIVE;
				GCC_WARN_UNUSED_FUNCTION = YES;
				GCC_WARN_UNUSED_VARIABLE = YES;
				IPHONEOS_DEPLOYMENT_TARGET = 12.0;
				MTL_ENABLE_DEBUG_INFO = NO;
				MTL_FAST_MATH = YES;
				SDKROOT = iphoneos;
				SWIFT_COMPILATION_MODE = wholemodule;
				SWIFT_OPTIMIZATION_LEVEL = "-O";
				VALIDATE_PRODUCT = YES;
				VERSIONING_SYSTEM = "apple-generic";
				VERSION_INFO_PREFIX = "";
			};
			name = Release;
		};
		906E6481216DD891005F3058 /* Debug */ = {
			isa = XCBuildConfiguration;
			buildSettings = {
				CLANG_ENABLE_MODULES = YES;
				CODE_SIGN_IDENTITY = "";
				CODE_SIGN_STYLE = Manual;
				DEFINES_MODULE = YES;
				DEVELOPMENT_TEAM = "";
				DYLIB_COMPATIBILITY_VERSION = 1;
				DYLIB_CURRENT_VERSION = 1;
				DYLIB_INSTALL_NAME_BASE = "@rpath";
				INFOPLIST_FILE = "LottoAPI/Configuration/Info-iOS.plist";
				INSTALL_PATH = "$(LOCAL_LIBRARY_DIR)/Frameworks";
				LD_RUNPATH_SEARCH_PATHS = (
					"$(inherited)",
					"@executable_path/Frameworks",
					"@loader_path/Frameworks",
				);
				PRODUCT_BUNDLE_IDENTIFIER = com.moskala.michal.LottoAPI;
				PRODUCT_NAME = "$(PROJECT_NAME)";
				PROVISIONING_PROFILE_SPECIFIER = "";
				SKIP_INSTALL = YES;
				SWIFT_OPTIMIZATION_LEVEL = "-Onone";
				SWIFT_VERSION = 4.2;
				TARGETED_DEVICE_FAMILY = "1,2";
			};
			name = Debug;
		};
		906E6482216DD891005F3058 /* Release */ = {
			isa = XCBuildConfiguration;
			buildSettings = {
				CLANG_ENABLE_MODULES = YES;
				CODE_SIGN_IDENTITY = "";
				CODE_SIGN_STYLE = Manual;
				DEFINES_MODULE = YES;
				DEVELOPMENT_TEAM = "";
				DYLIB_COMPATIBILITY_VERSION = 1;
				DYLIB_CURRENT_VERSION = 1;
				DYLIB_INSTALL_NAME_BASE = "@rpath";
				INFOPLIST_FILE = "LottoAPI/Configuration/Info-iOS.plist";
				INSTALL_PATH = "$(LOCAL_LIBRARY_DIR)/Frameworks";
				LD_RUNPATH_SEARCH_PATHS = (
					"$(inherited)",
					"@executable_path/Frameworks",
					"@loader_path/Frameworks",
				);
				PRODUCT_BUNDLE_IDENTIFIER = com.moskala.michal.LottoAPI;
				PRODUCT_NAME = "$(PROJECT_NAME)";
				PROVISIONING_PROFILE_SPECIFIER = "";
				SKIP_INSTALL = YES;
				SWIFT_VERSION = 4.2;
				TARGETED_DEVICE_FAMILY = "1,2";
			};
			name = Release;
		};
		906E6484216DD891005F3058 /* Debug */ = {
			isa = XCBuildConfiguration;
			buildSettings = {
				ALWAYS_EMBED_SWIFT_STANDARD_LIBRARIES = YES;
				CODE_SIGN_STYLE = Manual;
				DEVELOPMENT_TEAM = R77HUFLYN8;
				INFOPLIST_FILE = "LottoAPITests/config/Info-iOS.plist";
				LD_RUNPATH_SEARCH_PATHS = (
					"$(inherited)",
					"@executable_path/Frameworks",
					"@loader_path/Frameworks",
				);
				PRODUCT_BUNDLE_IDENTIFIER = com.moskala.michal.LottoAPITests;
				PRODUCT_NAME = "$(TARGET_NAME)";
				PROVISIONING_PROFILE_SPECIFIER = "";
				SWIFT_VERSION = 4.2;
				TARGETED_DEVICE_FAMILY = "1,2";
			};
			name = Debug;
		};
		906E6485216DD891005F3058 /* Release */ = {
			isa = XCBuildConfiguration;
			buildSettings = {
				ALWAYS_EMBED_SWIFT_STANDARD_LIBRARIES = YES;
				CODE_SIGN_STYLE = Manual;
				DEVELOPMENT_TEAM = R77HUFLYN8;
				INFOPLIST_FILE = "LottoAPITests/config/Info-iOS.plist";
				LD_RUNPATH_SEARCH_PATHS = (
					"$(inherited)",
					"@executable_path/Frameworks",
					"@loader_path/Frameworks",
				);
				PRODUCT_BUNDLE_IDENTIFIER = com.moskala.michal.LottoAPITests;
				PRODUCT_NAME = "$(TARGET_NAME)";
				PROVISIONING_PROFILE_SPECIFIER = "";
				SWIFT_VERSION = 4.2;
				TARGETED_DEVICE_FAMILY = "1,2";
			};
			name = Release;
		};
/* End XCBuildConfiguration section */

/* Begin XCConfigurationList section */
		35F781EB217CCCD0008D2C2D /* Build configuration list for PBXNativeTarget "LottoAPIIntegrationTests" */ = {
			isa = XCConfigurationList;
			buildConfigurations = (
				35F781EC217CCCD0008D2C2D /* Debug */,
				35F781ED217CCCD0008D2C2D /* Release */,
			);
			defaultConfigurationIsVisible = 0;
			defaultConfigurationName = Release;
		};
		90122C592181A91D00917483 /* Build configuration list for PBXNativeTarget "LottoAPI-macOS" */ = {
			isa = XCConfigurationList;
			buildConfigurations = (
				90122C552181A91D00917483 /* Debug */,
				90122C562181A91D00917483 /* Release */,
			);
			defaultConfigurationIsVisible = 0;
			defaultConfigurationName = Release;
		};
		90122C5A2181A91D00917483 /* Build configuration list for PBXNativeTarget "LottoAPITests-macOS" */ = {
			isa = XCConfigurationList;
			buildConfigurations = (
				90122C572181A91D00917483 /* Debug */,
				90122C582181A91D00917483 /* Release */,
			);
			defaultConfigurationIsVisible = 0;
			defaultConfigurationName = Release;
		};
		906E6466216DD891005F3058 /* Build configuration list for PBXProject "LottoAPI" */ = {
			isa = XCConfigurationList;
			buildConfigurations = (
				906E647E216DD891005F3058 /* Debug */,
				906E647F216DD891005F3058 /* Release */,
			);
			defaultConfigurationIsVisible = 0;
			defaultConfigurationName = Release;
		};
		906E6480216DD891005F3058 /* Build configuration list for PBXNativeTarget "LottoAPI-iOS" */ = {
			isa = XCConfigurationList;
			buildConfigurations = (
				906E6481216DD891005F3058 /* Debug */,
				906E6482216DD891005F3058 /* Release */,
			);
			defaultConfigurationIsVisible = 0;
			defaultConfigurationName = Release;
		};
		906E6483216DD891005F3058 /* Build configuration list for PBXNativeTarget "LottoAPITests-iOS" */ = {
			isa = XCConfigurationList;
			buildConfigurations = (
				906E6484216DD891005F3058 /* Debug */,
				906E6485216DD891005F3058 /* Release */,
			);
			defaultConfigurationIsVisible = 0;
			defaultConfigurationName = Release;
		};
/* End XCConfigurationList section */
	};
	rootObject = 906E6463216DD891005F3058 /* Project object */;
}
